// !$*UTF8*$!
{
	archiveVersion = 1;
	classes = {
	};
	objectVersion = 46;
	objects = {

/* Begin PBXBuildFile section */
		3EB991A61E76448600C013C3 /* main.m in Sources */ = {isa = PBXBuildFile; fileRef = 3EB991A51E76448600C013C3 /* main.m */; };
		3EB991A91E76448600C013C3 /* AppDelegate.m in Sources */ = {isa = PBXBuildFile; fileRef = 3EB991A81E76448600C013C3 /* AppDelegate.m */; };
		3EB991AC1E76448600C013C3 /* ViewController.m in Sources */ = {isa = PBXBuildFile; fileRef = 3EB991AB1E76448600C013C3 /* ViewController.m */; };
		3EB991AF1E76448600C013C3 /* Main.storyboard in Resources */ = {isa = PBXBuildFile; fileRef = 3EB991AD1E76448600C013C3 /* Main.storyboard */; };
		3EB991B11E76448600C013C3 /* Assets.xcassets in Resources */ = {isa = PBXBuildFile; fileRef = 3EB991B01E76448600C013C3 /* Assets.xcassets */; };
		3EB991B41E76448600C013C3 /* LaunchScreen.storyboard in Resources */ = {isa = PBXBuildFile; fileRef = 3EB991B21E76448600C013C3 /* LaunchScreen.storyboard */; };
		3EB991BF1E76448600C013C3 /* gitTestDemoTests.m in Sources */ = {isa = PBXBuildFile; fileRef = 3EB991BE1E76448600C013C3 /* gitTestDemoTests.m */; };
		3EB991CA1E76448600C013C3 /* gitTestDemoUITests.m in Sources */ = {isa = PBXBuildFile; fileRef = 3EB991C91E76448600C013C3 /* gitTestDemoUITests.m */; };
/* End PBXBuildFile section */

/* Begin PBXContainerItemProxy section */
		3EB991BB1E76448600C013C3 /* PBXContainerItemProxy */ = {
			isa = PBXContainerItemProxy;
			containerPortal = 3EB991991E76448600C013C3 /* Project object */;
			proxyType = 1;
			remoteGlobalIDString = 3EB991A01E76448600C013C3;
			remoteInfo = gitTestDemo;
		};
		3EB991C61E76448600C013C3 /* PBXContainerItemProxy */ = {
			isa = PBXContainerItemProxy;
			containerPortal = 3EB991991E76448600C013C3 /* Project object */;
			proxyType = 1;
			remoteGlobalIDString = 3EB991A01E76448600C013C3;
			remoteInfo = gitTestDemo;
		};
/* End PBXContainerItemProxy section */

/* Begin PBXFileReference section */
		3EB991A11E76448600C013C3 /* gitTestDemo.app */ = {isa = PBXFileReference; explicitFileType = wrapper.application; includeInIndex = 0; path = gitTestDemo.app; sourceTree = BUILT_PRODUCTS_DIR; };
		3EB991A51E76448600C013C3 /* main.m */ = {isa = PBXFileReference; lastKnownFileType = sourcecode.c.objc; path = main.m; sourceTree = "<group>"; };
		3EB991A71E76448600C013C3 /* AppDelegate.h */ = {isa = PBXFileReference; lastKnownFileType = sourcecode.c.h; path = AppDelegate.h; sourceTree = "<group>"; };
		3EB991A81E76448600C013C3 /* AppDelegate.m */ = {isa = PBXFileReference; lastKnownFileType = sourcecode.c.objc; path = AppDelegate.m; sourceTree = "<group>"; };
		3EB991AA1E76448600C013C3 /* ViewController.h */ = {isa = PBXFileReference; lastKnownFileType = sourcecode.c.h; path = ViewController.h; sourceTree = "<group>"; };
		3EB991AB1E76448600C013C3 /* ViewController.m */ = {isa = PBXFileReference; lastKnownFileType = sourcecode.c.objc; path = ViewController.m; sourceTree = "<group>"; };
		3EB991AE1E76448600C013C3 /* Base */ = {isa = PBXFileReference; lastKnownFileType = file.storyboard; name = Base; path = Base.lproj/Main.storyboard; sourceTree = "<group>"; };
		3EB991B01E76448600C013C3 /* Assets.xcassets */ = {isa = PBXFileReference; lastKnownFileType = folder.assetcatalog; path = Assets.xcassets; sourceTree = "<group>"; };
		3EB991B31E76448600C013C3 /* Base */ = {isa = PBXFileReference; lastKnownFileType = file.storyboard; name = Base; path = Base.lproj/LaunchScreen.storyboard; sourceTree = "<group>"; };
		3EB991B51E76448600C013C3 /* Info.plist */ = {isa = PBXFileReference; lastKnownFileType = text.plist.xml; path = Info.plist; sourceTree = "<group>"; };
		3EB991BA1E76448600C013C3 /* gitTestDemoTests.xctest */ = {isa = PBXFileReference; explicitFileType = wrapper.cfbundle; includeInIndex = 0; path = gitTestDemoTests.xctest; sourceTree = BUILT_PRODUCTS_DIR; };
		3EB991BE1E76448600C013C3 /* gitTestDemoTests.m */ = {isa = PBXFileReference; lastKnownFileType = sourcecode.c.objc; path = gitTestDemoTests.m; sourceTree = "<group>"; };
		3EB991C01E76448600C013C3 /* Info.plist */ = {isa = PBXFileReference; lastKnownFileType = text.plist.xml; path = Info.plist; sourceTree = "<group>"; };
		3EB991C51E76448600C013C3 /* gitTestDemoUITests.xctest */ = {isa = PBXFileReference; explicitFileType = wrapper.cfbundle; includeInIndex = 0; path = gitTestDemoUITests.xctest; sourceTree = BUILT_PRODUCTS_DIR; };
		3EB991C91E76448600C013C3 /* gitTestDemoUITests.m */ = {isa = PBXFileReference; lastKnownFileType = sourcecode.c.objc; path = gitTestDemoUITests.m; sourceTree = "<group>"; };
		3EB991CB1E76448600C013C3 /* Info.plist */ = {isa = PBXFileReference; lastKnownFileType = text.plist.xml; path = Info.plist; sourceTree = "<group>"; };
/* End PBXFileReference section */

/* Begin PBXFrameworksBuildPhase section */
		3EB9919E1E76448600C013C3 /* Frameworks */ = {
			isa = PBXFrameworksBuildPhase;
			buildActionMask = 2147483647;
			files = (
			);
			runOnlyForDeploymentPostprocessing = 0;
		};
		3EB991B71E76448600C013C3 /* Frameworks */ = {
			isa = PBXFrameworksBuildPhase;
			buildActionMask = 2147483647;
			files = (
			);
			runOnlyForDeploymentPostprocessing = 0;
		};
		3EB991C21E76448600C013C3 /* Frameworks */ = {
			isa = PBXFrameworksBuildPhase;
			buildActionMask = 2147483647;
			files = (
			);
			runOnlyForDeploymentPostprocessing = 0;
		};
/* End PBXFrameworksBuildPhase section */

/* Begin PBXGroup section */
		3EB991981E76448600C013C3 = {
			isa = PBXGroup;
			children = (
				3EB991A31E76448600C013C3 /* gitTestDemo */,
				3EB991BD1E76448600C013C3 /* gitTestDemoTests */,
				3EB991C81E76448600C013C3 /* gitTestDemoUITests */,
				3EB991A21E76448600C013C3 /* Products */,
			);
			sourceTree = "<group>";
		};
		3EB991A21E76448600C013C3 /* Products */ = {
			isa = PBXGroup;
			children = (
				3EB991A11E76448600C013C3 /* gitTestDemo.app */,
				3EB991BA1E76448600C013C3 /* gitTestDemoTests.xctest */,
				3EB991C51E76448600C013C3 /* gitTestDemoUITests.xctest */,
			);
			name = Products;
			sourceTree = "<group>";
		};
		3EB991A31E76448600C013C3 /* gitTestDemo */ = {
			isa = PBXGroup;
			children = (
				3EB991A71E76448600C013C3 /* AppDelegate.h */,
				3EB991A81E76448600C013C3 /* AppDelegate.m */,
				3EB991AA1E76448600C013C3 /* ViewController.h */,
				3EB991AB1E76448600C013C3 /* ViewController.m */,
				3EB991AD1E76448600C013C3 /* Main.storyboard */,
				3EB991B01E76448600C013C3 /* Assets.xcassets */,
				3EB991B21E76448600C013C3 /* LaunchScreen.storyboard */,
				3EB991B51E76448600C013C3 /* Info.plist */,
				3EB991A41E76448600C013C3 /* Supporting Files */,
			);
			path = gitTestDemo;
			sourceTree = "<group>";
		};
		3EB991A41E76448600C013C3 /* Supporting Files */ = {
			isa = PBXGroup;
			children = (
				3EB991A51E76448600C013C3 /* main.m */,
			);
			name = "Supporting Files";
			sourceTree = "<group>";
		};
		3EB991BD1E76448600C013C3 /* gitTestDemoTests */ = {
			isa = PBXGroup;
			children = (
				3EB991BE1E76448600C013C3 /* gitTestDemoTests.m */,
				3EB991C01E76448600C013C3 /* Info.plist */,
			);
			path = gitTestDemoTests;
			sourceTree = "<group>";
		};
		3EB991C81E76448600C013C3 /* gitTestDemoUITests */ = {
			isa = PBXGroup;
			children = (
				3EB991C91E76448600C013C3 /* gitTestDemoUITests.m */,
				3EB991CB1E76448600C013C3 /* Info.plist */,
			);
			path = gitTestDemoUITests;
			sourceTree = "<group>";
		};
/* End PBXGroup section */

/* Begin PBXNativeTarget section */
		3EB991A01E76448600C013C3 /* gitTestDemo */ = {
			isa = PBXNativeTarget;
			buildConfigurationList = 3EB991CE1E76448600C013C3 /* Build configuration list for PBXNativeTarget "gitTestDemo" */;
			buildPhases = (
				3EB9919D1E76448600C013C3 /* Sources */,
				3EB9919E1E76448600C013C3 /* Frameworks */,
				3EB9919F1E76448600C013C3 /* Resources */,
			);
			buildRules = (
			);
			dependencies = (
			);
			name = gitTestDemo;
			productName = gitTestDemo;
			productReference = 3EB991A11E76448600C013C3 /* gitTestDemo.app */;
			productType = "com.apple.product-type.application";
		};
		3EB991B91E76448600C013C3 /* gitTestDemoTests */ = {
			isa = PBXNativeTarget;
			buildConfigurationList = 3EB991D11E76448600C013C3 /* Build configuration list for PBXNativeTarget "gitTestDemoTests" */;
			buildPhases = (
				3EB991B61E76448600C013C3 /* Sources */,
				3EB991B71E76448600C013C3 /* Frameworks */,
				3EB991B81E76448600C013C3 /* Resources */,
			);
			buildRules = (
			);
			dependencies = (
				3EB991BC1E76448600C013C3 /* PBXTargetDependency */,
			);
			name = gitTestDemoTests;
			productName = gitTestDemoTests;
			productReference = 3EB991BA1E76448600C013C3 /* gitTestDemoTests.xctest */;
			productType = "com.apple.product-type.bundle.unit-test";
		};
		3EB991C41E76448600C013C3 /* gitTestDemoUITests */ = {
			isa = PBXNativeTarget;
			buildConfigurationList = 3EB991D41E76448600C013C3 /* Build configuration list for PBXNativeTarget "gitTestDemoUITests" */;
			buildPhases = (
				3EB991C11E76448600C013C3 /* Sources */,
				3EB991C21E76448600C013C3 /* Frameworks */,
				3EB991C31E76448600C013C3 /* Resources */,
			);
			buildRules = (
			);
			dependencies = (
				3EB991C71E76448600C013C3 /* PBXTargetDependency */,
			);
			name = gitTestDemoUITests;
			productName = gitTestDemoUITests;
			productReference = 3EB991C51E76448600C013C3 /* gitTestDemoUITests.xctest */;
			productType = "com.apple.product-type.bundle.ui-testing";
		};
/* End PBXNativeTarget section */

/* Begin PBXProject section */
		3EB991991E76448600C013C3 /* Project object */ = {
			isa = PBXProject;
			attributes = {
				LastUpgradeCheck = 0820;
				ORGANIZATIONNAME = TianTuDa;
				TargetAttributes = {
					3EB991A01E76448600C013C3 = {
						CreatedOnToolsVersion = 8.2.1;
						DevelopmentTeam = XZ4278L4QE;
						ProvisioningStyle = Automatic;
					};
					3EB991B91E76448600C013C3 = {
						CreatedOnToolsVersion = 8.2.1;
						DevelopmentTeam = XZ4278L4QE;
						ProvisioningStyle = Automatic;
						TestTargetID = 3EB991A01E76448600C013C3;
					};
					3EB991C41E76448600C013C3 = {
						CreatedOnToolsVersion = 8.2.1;
						DevelopmentTeam = XZ4278L4QE;
						ProvisioningStyle = Automatic;
						TestTargetID = 3EB991A01E76448600C013C3;
					};
				};
			};
			buildConfigurationList = 3EB9919C1E76448600C013C3 /* Build configuration list for PBXProject "gitTestDemo" */;
			compatibilityVersion = "Xcode 3.2";
			developmentRegion = English;
			hasScannedForEncodings = 0;
			knownRegions = (
				en,
				Base,
			);
			mainGroup = 3EB991981E76448600C013C3;
			productRefGroup = 3EB991A21E76448600C013C3 /* Products */;
			projectDirPath = "";
			projectRoot = "";
			targets = (
				3EB991A01E76448600C013C3 /* gitTestDemo */,
				3EB991B91E76448600C013C3 /* gitTestDemoTests */,
				3EB991C41E76448600C013C3 /* gitTestDemoUITests */,
			);
		};
/* End PBXProject section */

/* Begin PBXResourcesBuildPhase section */
		3EB9919F1E76448600C013C3 /* Resources */ = {
			isa = PBXResourcesBuildPhase;
			buildActionMask = 2147483647;
			files = (
				3EB991B41E76448600C013C3 /* LaunchScreen.storyboard in Resources */,
				3EB991B11E76448600C013C3 /* Assets.xcassets in Resources */,
				3EB991AF1E76448600C013C3 /* Main.storyboard in Resources */,
			);
			runOnlyForDeploymentPostprocessing = 0;
		};
		3EB991B81E76448600C013C3 /* Resources */ = {
			isa = PBXResourcesBuildPhase;
			buildActionMask = 2147483647;
			files = (
			);
			runOnlyForDeploymentPostprocessing = 0;
		};
		3EB991C31E76448600C013C3 /* Resources */ = {
			isa = PBXResourcesBuildPhase;
			buildActionMask = 2147483647;
			files = (
			);
			runOnlyForDeploymentPostprocessing = 0;
		};
/* End PBXResourcesBuildPhase section */

/* Begin PBXSourcesBuildPhase section */
		3EB9919D1E76448600C013C3 /* Sources */ = {
			isa = PBXSourcesBuildPhase;
			buildActionMask = 2147483647;
			files = (
				3EB991AC1E76448600C013C3 /* ViewController.m in Sources */,
				3EB991A91E76448600C013C3 /* AppDelegate.m in Sources */,
				3EB991A61E76448600C013C3 /* main.m in Sources */,
			);
			runOnlyForDeploymentPostprocessing = 0;
		};
		3EB991B61E76448600C013C3 /* Sources */ = {
			isa = PBXSourcesBuildPhase;
			buildActionMask = 2147483647;
			files = (
				3EB991BF1E76448600C013C3 /* gitTestDemoTests.m in Sources */,
			);
			runOnlyForDeploymentPostprocessing = 0;
		};
		3EB991C11E76448600C013C3 /* Sources */ = {
			isa = PBXSourcesBuildPhase;
			buildActionMask = 2147483647;
			files = (
				3EB991CA1E76448600C013C3 /* gitTestDemoUITests.m in Sources */,
			);
			runOnlyForDeploymentPostprocessing = 0;
		};
/* End PBXSourcesBuildPhase section */

/* Begin PBXTargetDependency section */
		3EB991BC1E76448600C013C3 /* PBXTargetDependency */ = {
			isa = PBXTargetDependency;
			target = 3EB991A01E76448600C013C3 /* gitTestDemo */;
			targetProxy = 3EB991BB1E76448600C013C3 /* PBXContainerItemProxy */;
		};
		3EB991C71E76448600C013C3 /* PBXTargetDependency */ = {
			isa = PBXTargetDependency;
			target = 3EB991A01E76448600C013C3 /* gitTestDemo */;
			targetProxy = 3EB991C61E76448600C013C3 /* PBXContainerItemProxy */;
		};
/* End PBXTargetDependency section */

/* Begin PBXVariantGroup section */
		3EB991AD1E76448600C013C3 /* Main.storyboard */ = {
			isa = PBXVariantGroup;
			children = (
				3EB991AE1E76448600C013C3 /* Base */,
			);
			name = Main.storyboard;
			sourceTree = "<group>";
		};
		3EB991B21E76448600C013C3 /* LaunchScreen.storyboard */ = {
			isa = PBXVariantGroup;
			children = (
				3EB991B31E76448600C013C3 /* Base */,
			);
			name = LaunchScreen.storyboard;
			sourceTree = "<group>";
		};
/* End PBXVariantGroup section */

/* Begin XCBuildConfiguration section */
		3EB991CC1E76448600C013C3 /* Debug */ = {
			isa = XCBuildConfiguration;
			buildSettings = {
				ALWAYS_SEARCH_USER_PATHS = NO;
				CLANG_ANALYZER_NONNULL = YES;
				CLANG_CXX_LANGUAGE_STANDARD = "gnu++0x";
				CLANG_CXX_LIBRARY = "libc++";
				CLANG_ENABLE_MODULES = YES;
				CLANG_ENABLE_OBJC_ARC = YES;
				CLANG_WARN_BOOL_CONVERSION = YES;
				CLANG_WARN_CONSTANT_CONVERSION = YES;
				CLANG_WARN_DIRECT_OBJC_ISA_USAGE = YES_ERROR;
				CLANG_WARN_DOCUMENTATION_COMMENTS = YES;
				CLANG_WARN_EMPTY_BODY = YES;
				CLANG_WARN_ENUM_CONVERSION = YES;
				CLANG_WARN_INFINITE_RECURSION = YES;
				CLANG_WARN_INT_CONVERSION = YES;
				CLANG_WARN_OBJC_ROOT_CLASS = YES_ERROR;
				CLANG_WARN_SUSPICIOUS_MOVE = YES;
				CLANG_WARN_UNREACHABLE_CODE = YES;
				CLANG_WARN__DUPLICATE_METHOD_MATCH = YES;
				"CODE_SIGN_IDENTITY[sdk=iphoneos*]" = "iPhone Developer";
				COPY_PHASE_STRIP = NO;
				DEBUG_INFORMATION_FORMAT = dwarf;
				ENABLE_STRICT_OBJC_MSGSEND = YES;
				ENABLE_TESTABILITY = YES;
				GCC_C_LANGUAGE_STANDARD = gnu99;
				GCC_DYNAMIC_NO_PIC = NO;
				GCC_NO_COMMON_BLOCKS = YES;
				GCC_OPTIMIZATION_LEVEL = 0;
				GCC_PREPROCESSOR_DEFINITIONS = (
					"DEBUG=1",
					"$(inherited)",
				);
				GCC_WARN_64_TO_32_BIT_CONVERSION = YES;
				GCC_WARN_ABOUT_RETURN_TYPE = YES_ERROR;
				GCC_WARN_UNDECLARED_SELECTOR = YES;
				GCC_WARN_UNINITIALIZED_AUTOS = YES_AGGRESSIVE;
				GCC_WARN_UNUSED_FUNCTION = YES;
				GCC_WARN_UNUSED_VARIABLE = YES;
				IPHONEOS_DEPLOYMENT_TARGET = 10.2;
				MTL_ENABLE_DEBUG_INFO = YES;
				ONLY_ACTIVE_ARCH = YES;
				SDKROOT = iphoneos;
			};
			name = Debug;
		};
		3EB991CD1E76448600C013C3 /* Release */ = {
			isa = XCBuildConfiguration;
			buildSettings = {
				ALWAYS_SEARCH_USER_PATHS = NO;
				CLANG_ANALYZER_NONNULL = YES;
				CLANG_CXX_LANGUAGE_STANDARD = "gnu++0x";
				CLANG_CXX_LIBRARY = "libc++";
				CLANG_ENABLE_MODULES = YES;
				CLANG_ENABLE_OBJC_ARC = YES;
				CLANG_WARN_BOOL_CONVERSION = YES;
				CLANG_WARN_CONSTANT_CONVERSION = YES;
				CLANG_WARN_DIRECT_OBJC_ISA_USAGE = YES_ERROR;
				CLANG_WARN_DOCUMENTATION_COMMENTS = YES;
				CLANG_WARN_EMPTY_BODY = YES;
				CLANG_WARN_ENUM_CONVERSION = YES;
				CLANG_WARN_INFINITE_RECURSION = YES;
				CLANG_WARN_INT_CONVERSION = YES;
				CLANG_WARN_OBJC_ROOT_CLASS = YES_ERROR;
				CLANG_WARN_SUSPICIOUS_MOVE = YES;
				CLANG_WARN_UNREACHABLE_CODE = YES;
				CLANG_WARN__DUPLICATE_METHOD_MATCH = YES;
				"CODE_SIGN_IDENTITY[sdk=iphoneos*]" = "iPhone Developer";
				COPY_PHASE_STRIP = NO;
				DEBUG_INFORMATION_FORMAT = "dwarf-with-dsym";
				ENABLE_NS_ASSERTIONS = NO;
				ENABLE_STRICT_OBJC_MSGSEND = YES;
				GCC_C_LANGUAGE_STANDARD = gnu99;
				GCC_NO_COMMON_BLOCKS = YES;
				GCC_WARN_64_TO_32_BIT_CONVERSION = YES;
				GCC_WARN_ABOUT_RETURN_TYPE = YES_ERROR;
				GCC_WARN_UNDECLARED_SELECTOR = YES;
				GCC_WARN_UNINITIALIZED_AUTOS = YES_AGGRESSIVE;
				GCC_WARN_UNUSED_FUNCTION = YES;
				GCC_WARN_UNUSED_VARIABLE = YES;
				IPHONEOS_DEPLOYMENT_TARGET = 10.2;
				MTL_ENABLE_DEBUG_INFO = NO;
				SDKROOT = iphoneos;
				VALIDATE_PRODUCT = YES;
			};
			name = Release;
		};
		3EB991CF1E76448600C013C3 /* Debug */ = {
			isa = XCBuildConfiguration;
			buildSettings = {
				ASSETCATALOG_COMPILER_APPICON_NAME = AppIcon;
				DEVELOPMENT_TEAM = XZ4278L4QE;
				INFOPLIST_FILE = gitTestDemo/Info.plist;
				LD_RUNPATH_SEARCH_PATHS = "$(inherited) @executable_path/Frameworks";
				PRODUCT_BUNDLE_IDENTIFIER = com.tiantuda.gitTestDemo;
				PRODUCT_NAME = "$(TARGET_NAME)";
			};
			name = Debug;
		};
		3EB991D01E76448600C013C3 /* Release */ = {
			isa = XCBuildConfiguration;
			buildSettings = {
				ASSETCATALOG_COMPILER_APPICON_NAME = AppIcon;
				DEVELOPMENT_TEAM = XZ4278L4QE;
				INFOPLIST_FILE = gitTestDemo/Info.plist;
				LD_RUNPATH_SEARCH_PATHS = "$(inherited) @executable_path/Frameworks";
				PRODUCT_BUNDLE_IDENTIFIER = com.tiantuda.gitTestDemo;
				PRODUCT_NAME = "$(TARGET_NAME)";
			};
			name = Release;
		};
		3EB991D21E76448600C013C3 /* Debug */ = {
			isa = XCBuildConfiguration;
			buildSettings = {
				BUNDLE_LOADER = "$(TEST_HOST)";
				DEVELOPMENT_TEAM = XZ4278L4QE;
				INFOPLIST_FILE = gitTestDemoTests/Info.plist;
				LD_RUNPATH_SEARCH_PATHS = "$(inherited) @executable_path/Frameworks @loader_path/Frameworks";
				PRODUCT_BUNDLE_IDENTIFIER = com.tiantuda.gitTestDemoTests;
				PRODUCT_NAME = "$(TARGET_NAME)";
				TEST_HOST = "$(BUILT_PRODUCTS_DIR)/gitTestDemo.app/gitTestDemo";
			};
			name = Debug;
		};
		3EB991D31E76448600C013C3 /* Release */ = {
			isa = XCBuildConfiguration;
			buildSettings = {
				BUNDLE_LOADER = "$(TEST_HOST)";
				DEVELOPMENT_TEAM = XZ4278L4QE;
				INFOPLIST_FILE = gitTestDemoTests/Info.plist;
				LD_RUNPATH_SEARCH_PATHS = "$(inherited) @executable_path/Frameworks @loader_path/Frameworks";
				PRODUCT_BUNDLE_IDENTIFIER = com.tiantuda.gitTestDemoTests;
				PRODUCT_NAME = "$(TARGET_NAME)";
				TEST_HOST = "$(BUILT_PRODUCTS_DIR)/gitTestDemo.app/gitTestDemo";
			};
			name = Release;
		};
		3EB991D51E76448600C013C3 /* Debug */ = {
			isa = XCBuildConfiguration;
			buildSettings = {
				DEVELOPMENT_TEAM = XZ4278L4QE;
				INFOPLIST_FILE = gitTestDemoUITests/Info.plist;
				LD_RUNPATH_SEARCH_PATHS = "$(inherited) @executable_path/Frameworks @loader_path/Frameworks";
				PRODUCT_BUNDLE_IDENTIFIER = com.tiantuda.gitTestDemoUITests;
				PRODUCT_NAME = "$(TARGET_NAME)";
				TEST_TARGET_NAME = gitTestDemo;
			};
			name = Debug;
		};
		3EB991D61E76448600C013C3 /* Release */ = {
			isa = XCBuildConfiguration;
			buildSettings = {
				DEVELOPMENT_TEAM = XZ4278L4QE;
				INFOPLIST_FILE = gitTestDemoUITests/Info.plist;
				LD_RUNPATH_SEARCH_PATHS = "$(inherited) @executable_path/Frameworks @loader_path/Frameworks";
				PRODUCT_BUNDLE_IDENTIFIER = com.tiantuda.gitTestDemoUITests;
				PRODUCT_NAME = "$(TARGET_NAME)";
				TEST_TARGET_NAME = gitTestDemo;
			};
			name = Release;
		};
/* End XCBuildConfiguration section */

/* Begin XCConfigurationList section */
		3EB9919C1E76448600C013C3 /* Build configuration list for PBXProject "gitTestDemo" */ = {
			isa = XCConfigurationList;
			buildConfigurations = (
				3EB991CC1E76448600C013C3 /* Debug */,
				3EB991CD1E76448600C013C3 /* Release */,
			);
			defaultConfigurationIsVisible = 0;
			defaultConfigurationName = Release;
		};
		3EB991CE1E76448600C013C3 /* Build configuration list for PBXNativeTarget "gitTestDemo" */ = {
			isa = XCConfigurationList;
			buildConfigurations = (
				3EB991CF1E76448600C013C3 /* Debug */,
				3EB991D01E76448600C013C3 /* Release */,
			);
			defaultConfigurationIsVisible = 0;
		};
		3EB991D11E76448600C013C3 /* Build configuration list for PBXNativeTarget "gitTestDemoTests" */ = {
			isa = XCConfigurationList;
			buildConfigurations = (
				3EB991D21E76448600C013C3 /* Debug */,
				3EB991D31E76448600C013C3 /* Release */,
			);
			defaultConfigurationIsVisible = 0;
		};
		3EB991D41E76448600C013C3 /* Build configuration list for PBXNativeTarget "gitTestDemoUITests" */ = {
			isa = XCConfigurationList;
			buildConfigurations = (
				3EB991D51E76448600C013C3 /* Debug */,
				3EB991D61E76448600C013C3 /* Release */,
			);
			defaultConfigurationIsVisible = 0;
		};
/* End XCConfigurationList section */
	};
	rootObject = 3EB991991E76448600C013C3 /* Project object */;
}
